
Microsoft Visual Studio Solution File, Format Version 12.00
# Visual Studio 15
VisualStudioVersion = 15.0.26124.0
MinimumVisualStudioVersion = 15.0.26124.0
Project("{FAE04EC0-301F-11D3-BF4B-00C04F79EFBC}") = "MyMath", "MyMath\MyMath.csproj", "{ACEA84E8-1C50-4373-B27C-43523FB1B20F}"
EndProject
Project("{FAE04EC0-301F-11D3-BF4B-00C04F79EFBC}") = "MyMath.Tests", "MyMath.Tests\MyMath.Tests.csproj", "{2FB851BA-03EC-4E01-9EC0-10B217163912}"
EndProject
Global
	GlobalSection(SolutionConfigurationPlatforms) = preSolution
		Debug|Any CPU = Debug|Any CPU
		Debug|x64 = Debug|x64
		Debug|x86 = Debug|x86
		Release|Any CPU = Release|Any CPU
		Release|x64 = Release|x64
		Release|x86 = Release|x86
	EndGlobalSection
	GlobalSection(SolutionProperties) = preSolution
		HideSolutionNode = FALSE
	EndGlobalSection
	GlobalSection(ProjectConfigurationPlatforms) = postSolution
		{ACEA84E8-1C50-4373-B27C-43523FB1B20F}.Debug|Any CPU.ActiveCfg = Debug|Any CPU
		{ACEA84E8-1C50-4373-B27C-43523FB1B20F}.Debug|Any CPU.Build.0 = Debug|Any CPU
		{ACEA84E8-1C50-4373-B27C-43523FB1B20F}.Debug|x64.ActiveCfg = Debug|Any CPU
		{ACEA84E8-1C50-4373-B27C-43523FB1B20F}.Debug|x64.Build.0 = Debug|Any CPU
		{ACEA84E8-1C50-4373-B27C-43523FB1B20F}.Debug|x86.ActiveCfg = Debug|Any CPU
		{ACEA84E8-1C50-4373-B27C-43523FB1B20F}.Debug|x86.Build.0 = Debug|Any CPU
		{ACEA84E8-1C50-4373-B27C-43523FB1B20F}.Release|Any CPU.ActiveCfg = Release|Any CPU
		{ACEA84E8-1C50-4373-B27C-43523FB1B20F}.Release|Any CPU.Build.0 = Release|Any CPU
		{ACEA84E8-1C50-4373-B27C-43523FB1B20F}.Release|x64.ActiveCfg = Release|Any CPU
		{ACEA84E8-1C50-4373-B27C-43523FB1B20F}.Release|x64.Build.0 = Release|Any CPU
		{ACEA84E8-1C50-4373-B27C-43523FB1B20F}.Release|x86.ActiveCfg = Release|Any CPU
		{ACEA84E8-1C50-4373-B27C-43523FB1B20F}.Release|x86.Build.0 = Release|Any CPU
		{2FB851BA-03EC-4E01-9EC0-10B217163912}.Debug|Any CPU.ActiveCfg = Debug|Any CPU
		{2FB851BA-03EC-4E01-9EC0-10B217163912}.Debug|Any CPU.Build.0 = Debug|Any CPU
		{2FB851BA-03EC-4E01-9EC0-10B217163912}.Debug|x64.ActiveCfg = Debug|Any CPU
		{2FB851BA-03EC-4E01-9EC0-10B217163912}.Debug|x64.Build.0 = Debug|Any CPU
		{2FB851BA-03EC-4E01-9EC0-10B217163912}.Debug|x86.ActiveCfg = Debug|Any CPU
		{2FB851BA-03EC-4E01-9EC0-10B217163912}.Debug|x86.Build.0 = Debug|Any CPU
		{2FB851BA-03EC-4E01-9EC0-10B217163912}.Release|Any CPU.ActiveCfg = Release|Any CPU
		{2FB851BA-03EC-4E01-9EC0-10B217163912}.Release|Any CPU.Build.0 = Release|Any CPU
		{2FB851BA-03EC-4E01-9EC0-10B217163912}.Release|x64.ActiveCfg = Release|Any CPU
		{2FB851BA-03EC-4E01-9EC0-10B217163912}.Release|x64.Build.0 = Release|Any CPU
		{2FB851BA-03EC-4E01-9EC0-10B217163912}.Release|x86.ActiveCfg = Release|Any CPU
		{2FB851BA-03EC-4E01-9EC0-10B217163912}.Release|x86.Build.0 = Release|Any CPU
	EndGlobalSection
EndGlobal
