
Microsoft Visual Studio Solution File, Format Version 12.00
# Visual Studio 15
VisualStudioVersion = 15.0.26124.0
MinimumVisualStudioVersion = 15.0.26124.0
Project("{FAE04EC0-301F-11D3-BF4B-00C04F79EFBC}") = "MyMath", "MyMath\MyMath.csproj", "{6A294B89-E9A1-4FF1-805A-D74EF3076D20}"
EndProject
Project("{FAE04EC0-301F-11D3-BF4B-00C04F79EFBC}") = "MyMath.Tests", "MyMath.Tests\MyMath.Tests.csproj", "{0938072E-448B-4AF5-8E8D-A7FEAF29A410}"
EndProject
Global
	GlobalSection(SolutionConfigurationPlatforms) = preSolution
		Debug|Any CPU = Debug|Any CPU
		Debug|x64 = Debug|x64
		Debug|x86 = Debug|x86
		Release|Any CPU = Release|Any CPU
		Release|x64 = Release|x64
		Release|x86 = Release|x86
	EndGlobalSection
	GlobalSection(SolutionProperties) = preSolution
		HideSolutionNode = FALSE
	EndGlobalSection
	GlobalSection(ProjectConfigurationPlatforms) = postSolution
		{6A294B89-E9A1-4FF1-805A-D74EF3076D20}.Debug|Any CPU.ActiveCfg = Debug|Any CPU
		{6A294B89-E9A1-4FF1-805A-D74EF3076D20}.Debug|Any CPU.Build.0 = Debug|Any CPU
		{6A294B89-E9A1-4FF1-805A-D74EF3076D20}.Debug|x64.ActiveCfg = Debug|Any CPU
		{6A294B89-E9A1-4FF1-805A-D74EF3076D20}.Debug|x64.Build.0 = Debug|Any CPU
		{6A294B89-E9A1-4FF1-805A-D74EF3076D20}.Debug|x86.ActiveCfg = Debug|Any CPU
		{6A294B89-E9A1-4FF1-805A-D74EF3076D20}.Debug|x86.Build.0 = Debug|Any CPU
		{6A294B89-E9A1-4FF1-805A-D74EF3076D20}.Release|Any CPU.ActiveCfg = Release|Any CPU
		{6A294B89-E9A1-4FF1-805A-D74EF3076D20}.Release|Any CPU.Build.0 = Release|Any CPU
		{6A294B89-E9A1-4FF1-805A-D74EF3076D20}.Release|x64.ActiveCfg = Release|Any CPU
		{6A294B89-E9A1-4FF1-805A-D74EF3076D20}.Release|x64.Build.0 = Release|Any CPU
		{6A294B89-E9A1-4FF1-805A-D74EF3076D20}.Release|x86.ActiveCfg = Release|Any CPU
		{6A294B89-E9A1-4FF1-805A-D74EF3076D20}.Release|x86.Build.0 = Release|Any CPU
		{0938072E-448B-4AF5-8E8D-A7FEAF29A410}.Debug|Any CPU.ActiveCfg = Debug|Any CPU
		{0938072E-448B-4AF5-8E8D-A7FEAF29A410}.Debug|Any CPU.Build.0 = Debug|Any CPU
		{0938072E-448B-4AF5-8E8D-A7FEAF29A410}.Debug|x64.ActiveCfg = Debug|Any CPU
		{0938072E-448B-4AF5-8E8D-A7FEAF29A410}.Debug|x64.Build.0 = Debug|Any CPU
		{0938072E-448B-4AF5-8E8D-A7FEAF29A410}.Debug|x86.ActiveCfg = Debug|Any CPU
		{0938072E-448B-4AF5-8E8D-A7FEAF29A410}.Debug|x86.Build.0 = Debug|Any CPU
		{0938072E-448B-4AF5-8E8D-A7FEAF29A410}.Release|Any CPU.ActiveCfg = Release|Any CPU
		{0938072E-448B-4AF5-8E8D-A7FEAF29A410}.Release|Any CPU.Build.0 = Release|Any CPU
		{0938072E-448B-4AF5-8E8D-A7FEAF29A410}.Release|x64.ActiveCfg = Release|Any CPU
		{0938072E-448B-4AF5-8E8D-A7FEAF29A410}.Release|x64.Build.0 = Release|Any CPU
		{0938072E-448B-4AF5-8E8D-A7FEAF29A410}.Release|x86.ActiveCfg = Release|Any CPU
		{0938072E-448B-4AF5-8E8D-A7FEAF29A410}.Release|x86.Build.0 = Release|Any CPU
	EndGlobalSection
EndGlobal
